// !$*UTF8*$!
{
	archiveVersion = 1;
	classes = {
	};
	objectVersion = 55;
	objects = {

/* Begin PBXBuildFile section */
		E27C49D8275AFF8300C7C8CD /* AppDelegate.swift in Sources */ = {isa = PBXBuildFile; fileRef = E27C49D7275AFF8300C7C8CD /* AppDelegate.swift */; };
		E27C49DA275AFF8300C7C8CD /* SceneDelegate.swift in Sources */ = {isa = PBXBuildFile; fileRef = E27C49D9275AFF8300C7C8CD /* SceneDelegate.swift */; };
		E27C49E1275AFF8400C7C8CD /* Assets.xcassets in Resources */ = {isa = PBXBuildFile; fileRef = E27C49E0275AFF8400C7C8CD /* Assets.xcassets */; };
		E27C49E4275AFF8400C7C8CD /* LaunchScreen.storyboard in Resources */ = {isa = PBXBuildFile; fileRef = E27C49E2275AFF8400C7C8CD /* LaunchScreen.storyboard */; };
		E27C49F0275AFFD700C7C8CD /* Networking.swift in Sources */ = {isa = PBXBuildFile; fileRef = E27C49EF275AFFD700C7C8CD /* Networking.swift */; };
		E27C49F2275B07AD00C7C8CD /* API.swift in Sources */ = {isa = PBXBuildFile; fileRef = E27C49F1275B07AD00C7C8CD /* API.swift */; };
		E27C49F5275B08C200C7C8CD /* NewsArticleModel.swift in Sources */ = {isa = PBXBuildFile; fileRef = E27C49F4275B08C200C7C8CD /* NewsArticleModel.swift */; };
		E27C49FA275B099800C7C8CD /* JSONDecoderHelper.swift in Sources */ = {isa = PBXBuildFile; fileRef = E27C49F9275B099800C7C8CD /* JSONDecoderHelper.swift */; };
		E27C49FD275B0DCC00C7C8CD /* Presenter.swift in Sources */ = {isa = PBXBuildFile; fileRef = E27C49FC275B0DCC00C7C8CD /* Presenter.swift */; };
		E27C4A01275C228E00C7C8CD /* FeedViewController.swift in Sources */ = {isa = PBXBuildFile; fileRef = E27C4A00275C228E00C7C8CD /* FeedViewController.swift */; };
		E27C4A03275C239F00C7C8CD /* ModuleBuilder.swift in Sources */ = {isa = PBXBuildFile; fileRef = E27C4A02275C239F00C7C8CD /* ModuleBuilder.swift */; };
		E27C4A06275C246100C7C8CD /* NewsCell.swift in Sources */ = {isa = PBXBuildFile; fileRef = E27C4A04275C246100C7C8CD /* NewsCell.swift */; };
		E27C4A07275C246100C7C8CD /* NewsCell.xib in Resources */ = {isa = PBXBuildFile; fileRef = E27C4A05275C246100C7C8CD /* NewsCell.xib */; };
		E27C4A09275C24F200C7C8CD /* UIKit + extension.swift in Sources */ = {isa = PBXBuildFile; fileRef = E27C4A08275C24F200C7C8CD /* UIKit + extension.swift */; };
		E27C4A0C275C28D400C7C8CD /* APIUrl.swift in Sources */ = {isa = PBXBuildFile; fileRef = E27C4A0B275C28D400C7C8CD /* APIUrl.swift */; };
		E27C4A0F275C296E00C7C8CD /* Kingfisher in Frameworks */ = {isa = PBXBuildFile; productRef = E27C4A0E275C296E00C7C8CD /* Kingfisher */; };
		E27C4A11275C2BF400C7C8CD /* FeedRouter.swift in Sources */ = {isa = PBXBuildFile; fileRef = E27C4A10275C2BF400C7C8CD /* FeedRouter.swift */; };
		E27C4A13275C2F5D00C7C8CD /* MockData.json in Resources */ = {isa = PBXBuildFile; fileRef = E27C4A12275C2F5D00C7C8CD /* MockData.json */; };
		E27C4A15275C3B2C00C7C8CD /* ImagePresenterViewController.swift in Sources */ = {isa = PBXBuildFile; fileRef = E27C4A14275C3B2C00C7C8CD /* ImagePresenterViewController.swift */; };
		E27C4A17275C3E3600C7C8CD /* ImageTransitionnAnimator.swift in Sources */ = {isa = PBXBuildFile; fileRef = E27C4A16275C3E3600C7C8CD /* ImageTransitionnAnimator.swift */; };
		E27C4A54275F7FBC00C7C8CD /* NewsModel.swift in Sources */ = {isa = PBXBuildFile; fileRef = E27C4A53275F7FBC00C7C8CD /* NewsModel.swift */; };
		E27C4A56275F80D200C7C8CD /* String + Extension.swift in Sources */ = {isa = PBXBuildFile; fileRef = E27C4A55275F80D200C7C8CD /* String + Extension.swift */; };
/* End PBXBuildFile section */

/* Begin PBXFileReference section */
		E27C49D4275AFF8300C7C8CD /* TJournal.app */ = {isa = PBXFileReference; explicitFileType = wrapper.application; includeInIndex = 0; path = TJournal.app; sourceTree = BUILT_PRODUCTS_DIR; };
		E27C49D7275AFF8300C7C8CD /* AppDelegate.swift */ = {isa = PBXFileReference; lastKnownFileType = sourcecode.swift; path = AppDelegate.swift; sourceTree = "<group>"; };
		E27C49D9275AFF8300C7C8CD /* SceneDelegate.swift */ = {isa = PBXFileReference; lastKnownFileType = sourcecode.swift; path = SceneDelegate.swift; sourceTree = "<group>"; };
		E27C49E0275AFF8400C7C8CD /* Assets.xcassets */ = {isa = PBXFileReference; lastKnownFileType = folder.assetcatalog; path = Assets.xcassets; sourceTree = "<group>"; };
		E27C49E3275AFF8400C7C8CD /* Base */ = {isa = PBXFileReference; lastKnownFileType = file.storyboard; name = Base; path = Base.lproj/LaunchScreen.storyboard; sourceTree = "<group>"; };
		E27C49E5275AFF8400C7C8CD /* Info.plist */ = {isa = PBXFileReference; lastKnownFileType = text.plist.xml; path = Info.plist; sourceTree = "<group>"; };
		E27C49EF275AFFD700C7C8CD /* Networking.swift */ = {isa = PBXFileReference; lastKnownFileType = sourcecode.swift; path = Networking.swift; sourceTree = "<group>"; };
		E27C49F1275B07AD00C7C8CD /* API.swift */ = {isa = PBXFileReference; lastKnownFileType = sourcecode.swift; path = API.swift; sourceTree = "<group>"; };
		E27C49F4275B08C200C7C8CD /* NewsArticleModel.swift */ = {isa = PBXFileReference; lastKnownFileType = sourcecode.swift; path = NewsArticleModel.swift; sourceTree = "<group>"; };
		E27C49F9275B099800C7C8CD /* JSONDecoderHelper.swift */ = {isa = PBXFileReference; lastKnownFileType = sourcecode.swift; path = JSONDecoderHelper.swift; sourceTree = "<group>"; };
		E27C49FC275B0DCC00C7C8CD /* Presenter.swift */ = {isa = PBXFileReference; lastKnownFileType = sourcecode.swift; path = Presenter.swift; sourceTree = "<group>"; };
		E27C4A00275C228E00C7C8CD /* FeedViewController.swift */ = {isa = PBXFileReference; lastKnownFileType = sourcecode.swift; path = FeedViewController.swift; sourceTree = "<group>"; };
		E27C4A02275C239F00C7C8CD /* ModuleBuilder.swift */ = {isa = PBXFileReference; lastKnownFileType = sourcecode.swift; path = ModuleBuilder.swift; sourceTree = "<group>"; };
		E27C4A04275C246100C7C8CD /* NewsCell.swift */ = {isa = PBXFileReference; lastKnownFileType = sourcecode.swift; path = NewsCell.swift; sourceTree = "<group>"; };
		E27C4A05275C246100C7C8CD /* NewsCell.xib */ = {isa = PBXFileReference; lastKnownFileType = file.xib; path = NewsCell.xib; sourceTree = "<group>"; };
		E27C4A08275C24F200C7C8CD /* UIKit + extension.swift */ = {isa = PBXFileReference; lastKnownFileType = sourcecode.swift; path = "UIKit + extension.swift"; sourceTree = "<group>"; };
		E27C4A0B275C28D400C7C8CD /* APIUrl.swift */ = {isa = PBXFileReference; lastKnownFileType = sourcecode.swift; path = APIUrl.swift; sourceTree = "<group>"; };
		E27C4A10275C2BF400C7C8CD /* FeedRouter.swift */ = {isa = PBXFileReference; lastKnownFileType = sourcecode.swift; path = FeedRouter.swift; sourceTree = "<group>"; };
		E27C4A12275C2F5D00C7C8CD /* MockData.json */ = {isa = PBXFileReference; lastKnownFileType = text.json; path = MockData.json; sourceTree = "<group>"; };
		E27C4A14275C3B2C00C7C8CD /* ImagePresenterViewController.swift */ = {isa = PBXFileReference; lastKnownFileType = sourcecode.swift; path = ImagePresenterViewController.swift; sourceTree = "<group>"; };
		E27C4A16275C3E3600C7C8CD /* ImageTransitionnAnimator.swift */ = {isa = PBXFileReference; lastKnownFileType = sourcecode.swift; path = ImageTransitionnAnimator.swift; sourceTree = "<group>"; };
		E27C4A53275F7FBC00C7C8CD /* NewsModel.swift */ = {isa = PBXFileReference; lastKnownFileType = sourcecode.swift; path = NewsModel.swift; sourceTree = "<group>"; };
		E27C4A55275F80D200C7C8CD /* String + Extension.swift */ = {isa = PBXFileReference; lastKnownFileType = sourcecode.swift; path = "String + Extension.swift"; sourceTree = "<group>"; };
/* End PBXFileReference section */

/* Begin PBXFrameworksBuildPhase section */
		E27C49D1275AFF8300C7C8CD /* Frameworks */ = {
			isa = PBXFrameworksBuildPhase;
			buildActionMask = 2147483647;
			files = (
				E27C4A0F275C296E00C7C8CD /* Kingfisher in Frameworks */,
			);
			runOnlyForDeploymentPostprocessing = 0;
		};
/* End PBXFrameworksBuildPhase section */

/* Begin PBXGroup section */
		E27C49CB275AFF8300C7C8CD = {
			isa = PBXGroup;
			children = (
				E27C49D6275AFF8300C7C8CD /* TJournal */,
				E27C49D5275AFF8300C7C8CD /* Products */,
			);
			sourceTree = "<group>";
		};
		E27C49D5275AFF8300C7C8CD /* Products */ = {
			isa = PBXGroup;
			children = (
				E27C49D4275AFF8300C7C8CD /* TJournal.app */,
			);
			name = Products;
			sourceTree = "<group>";
		};
		E27C49D6275AFF8300C7C8CD /* TJournal */ = {
			isa = PBXGroup;
			children = (
				E27C49D7275AFF8300C7C8CD /* AppDelegate.swift */,
				E27C49D9275AFF8300C7C8CD /* SceneDelegate.swift */,
				E27C4A02275C239F00C7C8CD /* ModuleBuilder.swift */,
				E27C4A12275C2F5D00C7C8CD /* MockData.json */,
				E27C49F8275B098E00C7C8CD /* Helper */,
				E27C49EC275AFFAB00C7C8CD /* Core */,
				E27C49EB275AFF9900C7C8CD /* API */,
				E27C49FB275B0DC000C7C8CD /* View */,
				E27C49E0275AFF8400C7C8CD /* Assets.xcassets */,
				E27C49E2275AFF8400C7C8CD /* LaunchScreen.storyboard */,
				E27C49E5275AFF8400C7C8CD /* Info.plist */,
			);
			path = TJournal;
			sourceTree = "<group>";
		};
		E27C49EB275AFF9900C7C8CD /* API */ = {
			isa = PBXGroup;
			children = (
				E27C49F1275B07AD00C7C8CD /* API.swift */,
				E27C4A0B275C28D400C7C8CD /* APIUrl.swift */,
				E27C49F3275B08B100C7C8CD /* Models */,
			);
			path = API;
			sourceTree = "<group>";
		};
		E27C49EC275AFFAB00C7C8CD /* Core */ = {
			isa = PBXGroup;
			children = (
				E27C49EF275AFFD700C7C8CD /* Networking.swift */,
			);
			path = Core;
			sourceTree = "<group>";
		};
		E27C49F3275B08B100C7C8CD /* Models */ = {
			isa = PBXGroup;
			children = (
				E27C49F4275B08C200C7C8CD /* NewsArticleModel.swift */,
			);
			path = Models;
			sourceTree = "<group>";
		};
		E27C49F8275B098E00C7C8CD /* Helper */ = {
			isa = PBXGroup;
			children = (
				E27C49F9275B099800C7C8CD /* JSONDecoderHelper.swift */,
				E27C4A55275F80D200C7C8CD /* String + Extension.swift */,
				E27C4A08275C24F200C7C8CD /* UIKit + extension.swift */,
			);
			path = Helper;
			sourceTree = "<group>";
		};
		E27C49FB275B0DC000C7C8CD /* View */ = {
			isa = PBXGroup;
			children = (
				E27C4A4F275F7EB600C7C8CD /* Feed */,
				E27C4A50275F7EBE00C7C8CD /* ImagePresenter */,
			);
			path = View;
			sourceTree = "<group>";
		};
		E27C4A0A275C254C00C7C8CD /* Cell */ = {
			isa = PBXGroup;
			children = (
				E27C4A04275C246100C7C8CD /* NewsCell.swift */,
				E27C4A05275C246100C7C8CD /* NewsCell.xib */,
			);
			path = Cell;
			sourceTree = "<group>";
		};
		E27C4A4F275F7EB600C7C8CD /* Feed */ = {
			isa = PBXGroup;
			children = (
				E27C4A00275C228E00C7C8CD /* FeedViewController.swift */,
				E27C49FC275B0DCC00C7C8CD /* Presenter.swift */,
				E27C4A53275F7FBC00C7C8CD /* NewsModel.swift */,
				E27C4A10275C2BF400C7C8CD /* FeedRouter.swift */,
				E27C4A0A275C254C00C7C8CD /* Cell */,
			);
			path = Feed;
			sourceTree = "<group>";
		};
		E27C4A50275F7EBE00C7C8CD /* ImagePresenter */ = {
			isa = PBXGroup;
			children = (
				E27C4A16275C3E3600C7C8CD /* ImageTransitionnAnimator.swift */,
				E27C4A14275C3B2C00C7C8CD /* ImagePresenterViewController.swift */,
			);
			path = ImagePresenter;
			sourceTree = "<group>";
		};
/* End PBXGroup section */

/* Begin PBXNativeTarget section */
		E27C49D3275AFF8300C7C8CD /* TJournal */ = {
			isa = PBXNativeTarget;
			buildConfigurationList = E27C49E8275AFF8400C7C8CD /* Build configuration list for PBXNativeTarget "TJournal" */;
			buildPhases = (
				E27C49D0275AFF8300C7C8CD /* Sources */,
				E27C49D1275AFF8300C7C8CD /* Frameworks */,
				E27C49D2275AFF8300C7C8CD /* Resources */,
			);
			buildRules = (
			);
			dependencies = (
			);
			name = TJournal;
			packageProductDependencies = (
				E27C4A0E275C296E00C7C8CD /* Kingfisher */,
			);
			productName = TJournal;
			productReference = E27C49D4275AFF8300C7C8CD /* TJournal.app */;
			productType = "com.apple.product-type.application";
		};
/* End PBXNativeTarget section */

/* Begin PBXProject section */
		E27C49CC275AFF8300C7C8CD /* Project object */ = {
			isa = PBXProject;
			attributes = {
				BuildIndependentTargetsInParallel = 1;
				LastSwiftUpdateCheck = 1310;
				LastUpgradeCheck = 1310;
				TargetAttributes = {
					E27C49D3275AFF8300C7C8CD = {
						CreatedOnToolsVersion = 13.1;
					};
				};
			};
			buildConfigurationList = E27C49CF275AFF8300C7C8CD /* Build configuration list for PBXProject "TJournal" */;
			compatibilityVersion = "Xcode 13.0";
			developmentRegion = en;
			hasScannedForEncodings = 0;
			knownRegions = (
				en,
				Base,
			);
			mainGroup = E27C49CB275AFF8300C7C8CD;
			packageReferences = (
				E27C4A0D275C296E00C7C8CD /* XCRemoteSwiftPackageReference "Kingfisher" */,
			);
			productRefGroup = E27C49D5275AFF8300C7C8CD /* Products */;
			projectDirPath = "";
			projectRoot = "";
			targets = (
				E27C49D3275AFF8300C7C8CD /* TJournal */,
			);
		};
/* End PBXProject section */

/* Begin PBXResourcesBuildPhase section */
		E27C49D2275AFF8300C7C8CD /* Resources */ = {
			isa = PBXResourcesBuildPhase;
			buildActionMask = 2147483647;
			files = (
				E27C4A07275C246100C7C8CD /* NewsCell.xib in Resources */,
				E27C4A13275C2F5D00C7C8CD /* MockData.json in Resources */,
				E27C49E4275AFF8400C7C8CD /* LaunchScreen.storyboard in Resources */,
				E27C49E1275AFF8400C7C8CD /* Assets.xcassets in Resources */,
			);
			runOnlyForDeploymentPostprocessing = 0;
		};
/* End PBXResourcesBuildPhase section */

/* Begin PBXSourcesBuildPhase section */
		E27C49D0275AFF8300C7C8CD /* Sources */ = {
			isa = PBXSourcesBuildPhase;
			buildActionMask = 2147483647;
			files = (
				E27C4A17275C3E3600C7C8CD /* ImageTransitionnAnimator.swift in Sources */,
				E27C4A0C275C28D400C7C8CD /* APIUrl.swift in Sources */,
				E27C4A01275C228E00C7C8CD /* FeedViewController.swift in Sources */,
				E27C49D8275AFF8300C7C8CD /* AppDelegate.swift in Sources */,
				E27C49FD275B0DCC00C7C8CD /* Presenter.swift in Sources */,
				E27C49DA275AFF8300C7C8CD /* SceneDelegate.swift in Sources */,
				E27C4A15275C3B2C00C7C8CD /* ImagePresenterViewController.swift in Sources */,
				E27C49F5275B08C200C7C8CD /* NewsArticleModel.swift in Sources */,
				E27C4A54275F7FBC00C7C8CD /* NewsModel.swift in Sources */,
				E27C49FA275B099800C7C8CD /* JSONDecoderHelper.swift in Sources */,
				E27C49F0275AFFD700C7C8CD /* Networking.swift in Sources */,
				E27C4A09275C24F200C7C8CD /* UIKit + extension.swift in Sources */,
				E27C4A11275C2BF400C7C8CD /* FeedRouter.swift in Sources */,
				E27C4A56275F80D200C7C8CD /* String + Extension.swift in Sources */,
				E27C49F2275B07AD00C7C8CD /* API.swift in Sources */,
				E27C4A03275C239F00C7C8CD /* ModuleBuilder.swift in Sources */,
				E27C4A06275C246100C7C8CD /* NewsCell.swift in Sources */,
			);
			runOnlyForDeploymentPostprocessing = 0;
		};
/* End PBXSourcesBuildPhase section */

/* Begin PBXVariantGroup section */
		E27C49E2275AFF8400C7C8CD /* LaunchScreen.storyboard */ = {
			isa = PBXVariantGroup;
			children = (
				E27C49E3275AFF8400C7C8CD /* Base */,
			);
			name = LaunchScreen.storyboard;
			sourceTree = "<group>";
		};
/* End PBXVariantGroup section */

/* Begin XCBuildConfiguration section */
		E27C49E6275AFF8400C7C8CD /* Debug */ = {
			isa = XCBuildConfiguration;
			buildSettings = {
				ALWAYS_SEARCH_USER_PATHS = NO;
				CLANG_ANALYZER_NONNULL = YES;
				CLANG_ANALYZER_NUMBER_OBJECT_CONVERSION = YES_AGGRESSIVE;
				CLANG_CXX_LANGUAGE_STANDARD = "gnu++17";
				CLANG_CXX_LIBRARY = "libc++";
				CLANG_ENABLE_MODULES = YES;
				CLANG_ENABLE_OBJC_ARC = YES;
				CLANG_ENABLE_OBJC_WEAK = YES;
				CLANG_WARN_BLOCK_CAPTURE_AUTORELEASING = YES;
				CLANG_WARN_BOOL_CONVERSION = YES;
				CLANG_WARN_COMMA = YES;
				CLANG_WARN_CONSTANT_CONVERSION = YES;
				CLANG_WARN_DEPRECATED_OBJC_IMPLEMENTATIONS = YES;
				CLANG_WARN_DIRECT_OBJC_ISA_USAGE = YES_ERROR;
				CLANG_WARN_DOCUMENTATION_COMMENTS = YES;
				CLANG_WARN_EMPTY_BODY = YES;
				CLANG_WARN_ENUM_CONVERSION = YES;
				CLANG_WARN_INFINITE_RECURSION = YES;
				CLANG_WARN_INT_CONVERSION = YES;
				CLANG_WARN_NON_LITERAL_NULL_CONVERSION = YES;
				CLANG_WARN_OBJC_IMPLICIT_RETAIN_SELF = YES;
				CLANG_WARN_OBJC_LITERAL_CONVERSION = YES;
				CLANG_WARN_OBJC_ROOT_CLASS = YES_ERROR;
				CLANG_WARN_QUOTED_INCLUDE_IN_FRAMEWORK_HEADER = YES;
				CLANG_WARN_RANGE_LOOP_ANALYSIS = YES;
				CLANG_WARN_STRICT_PROTOTYPES = YES;
				CLANG_WARN_SUSPICIOUS_MOVE = YES;
				CLANG_WARN_UNGUARDED_AVAILABILITY = YES_AGGRESSIVE;
				CLANG_WARN_UNREACHABLE_CODE = YES;
				CLANG_WARN__DUPLICATE_METHOD_MATCH = YES;
				COPY_PHASE_STRIP = NO;
				DEBUG_INFORMATION_FORMAT = dwarf;
				ENABLE_STRICT_OBJC_MSGSEND = YES;
				ENABLE_TESTABILITY = YES;
				GCC_C_LANGUAGE_STANDARD = gnu11;
				GCC_DYNAMIC_NO_PIC = NO;
				GCC_NO_COMMON_BLOCKS = YES;
				GCC_OPTIMIZATION_LEVEL = 0;
				GCC_PREPROCESSOR_DEFINITIONS = (
					"DEBUG=1",
					"$(inherited)",
				);
				GCC_WARN_64_TO_32_BIT_CONVERSION = YES;
				GCC_WARN_ABOUT_RETURN_TYPE = YES_ERROR;
				GCC_WARN_UNDECLARED_SELECTOR = YES;
				GCC_WARN_UNINITIALIZED_AUTOS = YES_AGGRESSIVE;
				GCC_WARN_UNUSED_FUNCTION = YES;
				GCC_WARN_UNUSED_VARIABLE = YES;
				IPHONEOS_DEPLOYMENT_TARGET = 15.0;
				MTL_ENABLE_DEBUG_INFO = INCLUDE_SOURCE;
				MTL_FAST_MATH = YES;
				ONLY_ACTIVE_ARCH = YES;
				SDKROOT = iphoneos;
				SWIFT_ACTIVE_COMPILATION_CONDITIONS = DEBUG;
				SWIFT_OPTIMIZATION_LEVEL = "-Onone";
			};
			name = Debug;
		};
		E27C49E7275AFF8400C7C8CD /* Release */ = {
			isa = XCBuildConfiguration;
			buildSettings = {
				ALWAYS_SEARCH_USER_PATHS = NO;
				CLANG_ANALYZER_NONNULL = YES;
				CLANG_ANALYZER_NUMBER_OBJECT_CONVERSION = YES_AGGRESSIVE;
				CLANG_CXX_LANGUAGE_STANDARD = "gnu++17";
				CLANG_CXX_LIBRARY = "libc++";
				CLANG_ENABLE_MODULES = YES;
				CLANG_ENABLE_OBJC_ARC = YES;
				CLANG_ENABLE_OBJC_WEAK = YES;
				CLANG_WARN_BLOCK_CAPTURE_AUTORELEASING = YES;
				CLANG_WARN_BOOL_CONVERSION = YES;
				CLANG_WARN_COMMA = YES;
				CLANG_WARN_CONSTANT_CONVERSION = YES;
				CLANG_WARN_DEPRECATED_OBJC_IMPLEMENTATIONS = YES;
				CLANG_WARN_DIRECT_OBJC_ISA_USAGE = YES_ERROR;
				CLANG_WARN_DOCUMENTATION_COMMENTS = YES;
				CLANG_WARN_EMPTY_BODY = YES;
				CLANG_WARN_ENUM_CONVERSION = YES;
				CLANG_WARN_INFINITE_RECURSION = YES;
				CLANG_WARN_INT_CONVERSION = YES;
				CLANG_WARN_NON_LITERAL_NULL_CONVERSION = YES;
				CLANG_WARN_OBJC_IMPLICIT_RETAIN_SELF = YES;
				CLANG_WARN_OBJC_LITERAL_CONVERSION = YES;
				CLANG_WARN_OBJC_ROOT_CLASS = YES_ERROR;
				CLANG_WARN_QUOTED_INCLUDE_IN_FRAMEWORK_HEADER = YES;
				CLANG_WARN_RANGE_LOOP_ANALYSIS = YES;
				CLANG_WARN_STRICT_PROTOTYPES = YES;
				CLANG_WARN_SUSPICIOUS_MOVE = YES;
				CLANG_WARN_UNGUARDED_AVAILABILITY = YES_AGGRESSIVE;
				CLANG_WARN_UNREACHABLE_CODE = YES;
				CLANG_WARN__DUPLICATE_METHOD_MATCH = YES;
				COPY_PHASE_STRIP = NO;
				DEBUG_INFORMATION_FORMAT = "dwarf-with-dsym";
				ENABLE_NS_ASSERTIONS = NO;
				ENABLE_STRICT_OBJC_MSGSEND = YES;
				GCC_C_LANGUAGE_STANDARD = gnu11;
				GCC_NO_COMMON_BLOCKS = YES;
				GCC_WARN_64_TO_32_BIT_CONVERSION = YES;
				GCC_WARN_ABOUT_RETURN_TYPE = YES_ERROR;
				GCC_WARN_UNDECLARED_SELECTOR = YES;
				GCC_WARN_UNINITIALIZED_AUTOS = YES_AGGRESSIVE;
				GCC_WARN_UNUSED_FUNCTION = YES;
				GCC_WARN_UNUSED_VARIABLE = YES;
				IPHONEOS_DEPLOYMENT_TARGET = 15.0;
				MTL_ENABLE_DEBUG_INFO = NO;
				MTL_FAST_MATH = YES;
				SDKROOT = iphoneos;
				SWIFT_COMPILATION_MODE = wholemodule;
				SWIFT_OPTIMIZATION_LEVEL = "-O";
				VALIDATE_PRODUCT = YES;
			};
			name = Release;
		};
		E27C49E9275AFF8400C7C8CD /* Debug */ = {
			isa = XCBuildConfiguration;
			buildSettings = {
				ASSETCATALOG_COMPILER_APPICON_NAME = AppIcon;
				ASSETCATALOG_COMPILER_GLOBAL_ACCENT_COLOR_NAME = AccentColor;
				CODE_SIGN_STYLE = Automatic;
				CURRENT_PROJECT_VERSION = 1;
				DEVELOPMENT_TEAM = 7D3Z5CX5PT;
				GENERATE_INFOPLIST_FILE = YES;
				INFOPLIST_FILE = TJournal/Info.plist;
				INFOPLIST_KEY_UIApplicationSupportsIndirectInputEvents = YES;
				INFOPLIST_KEY_UILaunchStoryboardName = LaunchScreen;
				INFOPLIST_KEY_UISupportedInterfaceOrientations_iPad = "UIInterfaceOrientationPortrait UIInterfaceOrientationPortraitUpsideDown UIInterfaceOrientationLandscapeLeft UIInterfaceOrientationLandscapeRight";
				INFOPLIST_KEY_UISupportedInterfaceOrientations_iPhone = "UIInterfaceOrientationPortrait UIInterfaceOrientationLandscapeLeft UIInterfaceOrientationLandscapeRight";
				IPHONEOS_DEPLOYMENT_TARGET = 15.0;
				LD_RUNPATH_SEARCH_PATHS = (
					"$(inherited)",
					"@executable_path/Frameworks",
				);
				MARKETING_VERSION = 1.0;
				PRODUCT_BUNDLE_IDENTIFIER = com.ast.TJournal;
				PRODUCT_NAME = "$(TARGET_NAME)";
				SWIFT_EMIT_LOC_STRINGS = YES;
				SWIFT_VERSION = 5.0;
				TARGETED_DEVICE_FAMILY = "1,2";
			};
			name = Debug;
		};
		E27C49EA275AFF8400C7C8CD /* Release */ = {
			isa = XCBuildConfiguration;
			buildSettings = {
				ASSETCATALOG_COMPILER_APPICON_NAME = AppIcon;
				ASSETCATALOG_COMPILER_GLOBAL_ACCENT_COLOR_NAME = AccentColor;
				CODE_SIGN_STYLE = Automatic;
				CURRENT_PROJECT_VERSION = 1;
				DEVELOPMENT_TEAM = 7D3Z5CX5PT;
				GENERATE_INFOPLIST_FILE = YES;
				INFOPLIST_FILE = TJournal/Info.plist;
				INFOPLIST_KEY_UIApplicationSupportsIndirectInputEvents = YES;
				INFOPLIST_KEY_UILaunchStoryboardName = LaunchScreen;
				INFOPLIST_KEY_UISupportedInterfaceOrientations_iPad = "UIInterfaceOrientationPortrait UIInterfaceOrientationPortraitUpsideDown UIInterfaceOrientationLandscapeLeft UIInterfaceOrientationLandscapeRight";
				INFOPLIST_KEY_UISupportedInterfaceOrientations_iPhone = "UIInterfaceOrientationPortrait UIInterfaceOrientationLandscapeLeft UIInterfaceOrientationLandscapeRight";
				IPHONEOS_DEPLOYMENT_TARGET = 15.0;
				LD_RUNPATH_SEARCH_PATHS = (
					"$(inherited)",
					"@executable_path/Frameworks",
				);
				MARKETING_VERSION = 1.0;
				PRODUCT_BUNDLE_IDENTIFIER = com.ast.TJournal;
				PRODUCT_NAME = "$(TARGET_NAME)";
				SWIFT_EMIT_LOC_STRINGS = YES;
				SWIFT_VERSION = 5.0;
				TARGETED_DEVICE_FAMILY = "1,2";
			};
			name = Release;
		};
/* End XCBuildConfiguration section */

/* Begin XCConfigurationList section */
		E27C49CF275AFF8300C7C8CD /* Build configuration list for PBXProject "TJournal" */ = {
			isa = XCConfigurationList;
			buildConfigurations = (
				E27C49E6275AFF8400C7C8CD /* Debug */,
				E27C49E7275AFF8400C7C8CD /* Release */,
			);
			defaultConfigurationIsVisible = 0;
			defaultConfigurationName = Release;
		};
		E27C49E8275AFF8400C7C8CD /* Build configuration list for PBXNativeTarget "TJournal" */ = {
			isa = XCConfigurationList;
			buildConfigurations = (
				E27C49E9275AFF8400C7C8CD /* Debug */,
				E27C49EA275AFF8400C7C8CD /* Release */,
			);
			defaultConfigurationIsVisible = 0;
			defaultConfigurationName = Release;
		};
/* End XCConfigurationList section */

/* Begin XCRemoteSwiftPackageReference section */
		E27C4A0D275C296E00C7C8CD /* XCRemoteSwiftPackageReference "Kingfisher" */ = {
			isa = XCRemoteSwiftPackageReference;
			repositoryURL = "https://github.com/onevcat/Kingfisher";
			requirement = {
				branch = master;
				kind = branch;
			};
		};
/* End XCRemoteSwiftPackageReference section */

/* Begin XCSwiftPackageProductDependency section */
		E27C4A0E275C296E00C7C8CD /* Kingfisher */ = {
			isa = XCSwiftPackageProductDependency;
			package = E27C4A0D275C296E00C7C8CD /* XCRemoteSwiftPackageReference "Kingfisher" */;
			productName = Kingfisher;
		};
/* End XCSwiftPackageProductDependency section */
	};
	rootObject = E27C49CC275AFF8300C7C8CD /* Project object */;
}
